{
  "name": "tabris-ai",
  "lockfileVersion": 2,
  "requires": true,
  "packages": {
    "": {
      "dependencies": {
        "tabris": "~3.7.1"
      }
    },
    "node_modules/tabris": {
      "version": "3.7.1",
      "resolved": "https://registry.npmjs.org/tabris/-/tabris-3.7.1.tgz",
      "integrity": "sha512-7xmGCT0LN/dW55/wu4cBNNtd0/BIQDGEK+r57nUtumilPkPKzR5NislNZnGW9cFyE2QKGVHbp/HOpqWfzmkC1Q=="
    }
  },
  "dependencies": {
    "tabris": {
      "version": "3.7.1",
      "resolved": "https://registry.npmjs.org/tabris/-/tabris-3.7.1.tgz",
      "integrity": "sha512-7xmGCT0LN/dW55/wu4cBNNtd0/BIQDGEK+r57nUtumilPkPKzR5NislNZnGW9cFyE2QKGVHbp/HOpqWfzmkC1Q=="
    }
  }
}
